// !$*UTF8*$!
{
	archiveVersion = 1;
	classes = {
	};
	objectVersion = 50;
	objects = {

/* Begin PBXBuildFile section */
		486032E1272E285000774BA7 /* Meme.swift in Sources */ = {isa = PBXBuildFile; fileRef = 486032E0272E285000774BA7 /* Meme.swift */; };
		486032E3272E295A00774BA7 /* KeyboardUtils.swift in Sources */ = {isa = PBXBuildFile; fileRef = 486032E2272E295A00774BA7 /* KeyboardUtils.swift */; };
		48E4EF502763B94000F1950D /* MemeCollectionViewController.swift in Sources */ = {isa = PBXBuildFile; fileRef = 48E4EF4F2763B94000F1950D /* MemeCollectionViewController.swift */; };
		48E4EF532763B9E200F1950D /* MemeListController.swift in Sources */ = {isa = PBXBuildFile; fileRef = 48E4EF522763B9E200F1950D /* MemeListController.swift */; };
		48FA9143272D893400E7099D /* AppDelegate.swift in Sources */ = {isa = PBXBuildFile; fileRef = 48FA9142272D893400E7099D /* AppDelegate.swift */; };
		48FA9145272D893400E7099D /* SceneDelegate.swift in Sources */ = {isa = PBXBuildFile; fileRef = 48FA9144272D893400E7099D /* SceneDelegate.swift */; };
		48FA9147272D893400E7099D /* ViewController.swift in Sources */ = {isa = PBXBuildFile; fileRef = 48FA9146272D893400E7099D /* ViewController.swift */; };
		48FA914A272D893400E7099D /* Main.storyboard in Resources */ = {isa = PBXBuildFile; fileRef = 48FA9148272D893400E7099D /* Main.storyboard */; };
		48FA914C272D893500E7099D /* Assets.xcassets in Resources */ = {isa = PBXBuildFile; fileRef = 48FA914B272D893500E7099D /* Assets.xcassets */; };
		48FA914F272D893500E7099D /* LaunchScreen.storyboard in Resources */ = {isa = PBXBuildFile; fileRef = 48FA914D272D893500E7099D /* LaunchScreen.storyboard */; };
		48FA9162272DE99F00E7099D /* impact.ttf in Resources */ = {isa = PBXBuildFile; fileRef = 48FA9161272DE99F00E7099D /* impact.ttf */; };
/* End PBXBuildFile section */

/* Begin PBXFileReference section */
		486032E0272E285000774BA7 /* Meme.swift */ = {isa = PBXFileReference; lastKnownFileType = sourcecode.swift; path = Meme.swift; sourceTree = "<group>"; };
		486032E2272E295A00774BA7 /* KeyboardUtils.swift */ = {isa = PBXFileReference; lastKnownFileType = sourcecode.swift; path = KeyboardUtils.swift; sourceTree = "<group>"; };
		48E4EF4F2763B94000F1950D /* MemeCollectionViewController.swift */ = {isa = PBXFileReference; lastKnownFileType = sourcecode.swift; path = MemeCollectionViewController.swift; sourceTree = "<group>"; };
		48E4EF522763B9E200F1950D /* MemeListController.swift */ = {isa = PBXFileReference; lastKnownFileType = sourcecode.swift; path = MemeListController.swift; sourceTree = "<group>"; };
		48FA913F272D893400E7099D /* MemeMe.app */ = {isa = PBXFileReference; explicitFileType = wrapper.application; includeInIndex = 0; path = MemeMe.app; sourceTree = BUILT_PRODUCTS_DIR; };
		48FA9142272D893400E7099D /* AppDelegate.swift */ = {isa = PBXFileReference; lastKnownFileType = sourcecode.swift; path = AppDelegate.swift; sourceTree = "<group>"; };
		48FA9144272D893400E7099D /* SceneDelegate.swift */ = {isa = PBXFileReference; lastKnownFileType = sourcecode.swift; path = SceneDelegate.swift; sourceTree = "<group>"; };
		48FA9146272D893400E7099D /* ViewController.swift */ = {isa = PBXFileReference; lastKnownFileType = sourcecode.swift; path = ViewController.swift; sourceTree = "<group>"; };
		48FA9149272D893400E7099D /* Base */ = {isa = PBXFileReference; lastKnownFileType = file.storyboard; name = Base; path = Base.lproj/Main.storyboard; sourceTree = "<group>"; };
		48FA914B272D893500E7099D /* Assets.xcassets */ = {isa = PBXFileReference; lastKnownFileType = folder.assetcatalog; path = Assets.xcassets; sourceTree = "<group>"; };
		48FA914E272D893500E7099D /* Base */ = {isa = PBXFileReference; lastKnownFileType = file.storyboard; name = Base; path = Base.lproj/LaunchScreen.storyboard; sourceTree = "<group>"; };
		48FA9150272D893500E7099D /* Info.plist */ = {isa = PBXFileReference; lastKnownFileType = text.plist.xml; path = Info.plist; sourceTree = "<group>"; };
		48FA9161272DE99F00E7099D /* impact.ttf */ = {isa = PBXFileReference; lastKnownFileType = file; path = impact.ttf; sourceTree = "<group>"; };
/* End PBXFileReference section */

/* Begin PBXFrameworksBuildPhase section */
		48FA913C272D893400E7099D /* Frameworks */ = {
			isa = PBXFrameworksBuildPhase;
			buildActionMask = 2147483647;
			files = (
			);
			runOnlyForDeploymentPostprocessing = 0;
		};
/* End PBXFrameworksBuildPhase section */

/* Begin PBXGroup section */
		486032DF272E283F00774BA7 /* Bean */ = {
			isa = PBXGroup;
			children = (
				486032E0272E285000774BA7 /* Meme.swift */,
				486032E2272E295A00774BA7 /* KeyboardUtils.swift */,
			);
			path = Bean;
			sourceTree = "<group>";
		};
		48E4EF4E2763B90C00F1950D /* Collection */ = {
			isa = PBXGroup;
			children = (
				48E4EF4F2763B94000F1950D /* MemeCollectionViewController.swift */,
			);
			path = Collection;
			sourceTree = "<group>";
		};
		48E4EF512763B9AF00F1950D /* TableList */ = {
			isa = PBXGroup;
			children = (
				48E4EF522763B9E200F1950D /* MemeListController.swift */,
			);
			path = TableList;
			sourceTree = "<group>";
		};
		48FA9136272D893400E7099D = {
			isa = PBXGroup;
			children = (
				48FA9141272D893400E7099D /* MemeMe */,
				48FA9140272D893400E7099D /* Products */,
			);
			sourceTree = "<group>";
		};
		48FA9140272D893400E7099D /* Products */ = {
			isa = PBXGroup;
			children = (
				48FA913F272D893400E7099D /* MemeMe.app */,
			);
			name = Products;
			sourceTree = "<group>";
		};
		48FA9141272D893400E7099D /* MemeMe */ = {
			isa = PBXGroup;
			children = (
				48E4EF512763B9AF00F1950D /* TableList */,
				48E4EF4E2763B90C00F1950D /* Collection */,
				48FA9142272D893400E7099D /* AppDelegate.swift */,
				48FA9144272D893400E7099D /* SceneDelegate.swift */,
				48FA9146272D893400E7099D /* ViewController.swift */,
				48FA9148272D893400E7099D /* Main.storyboard */,
				486032DF272E283F00774BA7 /* Bean */,
				48FA914B272D893500E7099D /* Assets.xcassets */,
				48FA915D272DB63900E7099D /* font */,
				48FA914D272D893500E7099D /* LaunchScreen.storyboard */,
				48FA9150272D893500E7099D /* Info.plist */,
			);
			path = MemeMe;
			sourceTree = "<group>";
		};
		48FA915D272DB63900E7099D /* font */ = {
			isa = PBXGroup;
			children = (
				48FA9161272DE99F00E7099D /* impact.ttf */,
			);
			path = font;
			sourceTree = "<group>";
		};
/* End PBXGroup section */

/* Begin PBXNativeTarget section */
		48FA913E272D893400E7099D /* MemeMe */ = {
			isa = PBXNativeTarget;
			buildConfigurationList = 48FA9153272D893500E7099D /* Build configuration list for PBXNativeTarget "MemeMe" */;
			buildPhases = (
				48FA913B272D893400E7099D /* Sources */,
				48FA913C272D893400E7099D /* Frameworks */,
				48FA913D272D893400E7099D /* Resources */,
			);
			buildRules = (
			);
			dependencies = (
			);
			name = MemeMe;
			productName = MemeMe;
			productReference = 48FA913F272D893400E7099D /* MemeMe.app */;
			productType = "com.apple.product-type.application";
		};
/* End PBXNativeTarget section */

/* Begin PBXProject section */
		48FA9137272D893400E7099D /* Project object */ = {
			isa = PBXProject;
			attributes = {
				LastSwiftUpdateCheck = 1250;
				LastUpgradeCheck = 1250;
				TargetAttributes = {
					48FA913E272D893400E7099D = {
						CreatedOnToolsVersion = 12.5.1;
					};
				};
			};
			buildConfigurationList = 48FA913A272D893400E7099D /* Build configuration list for PBXProject "MemeMe" */;
			compatibilityVersion = "Xcode 9.3";
			developmentRegion = en;
			hasScannedForEncodings = 0;
			knownRegions = (
				en,
				Base,
			);
			mainGroup = 48FA9136272D893400E7099D;
			productRefGroup = 48FA9140272D893400E7099D /* Products */;
			projectDirPath = "";
			projectRoot = "";
			targets = (
				48FA913E272D893400E7099D /* MemeMe */,
			);
		};
/* End PBXProject section */

/* Begin PBXResourcesBuildPhase section */
		48FA913D272D893400E7099D /* Resources */ = {
			isa = PBXResourcesBuildPhase;
			buildActionMask = 2147483647;
			files = (
				48FA9162272DE99F00E7099D /* impact.ttf in Resources */,
				48FA914F272D893500E7099D /* LaunchScreen.storyboard in Resources */,
				48FA914C272D893500E7099D /* Assets.xcassets in Resources */,
				48FA914A272D893400E7099D /* Main.storyboard in Resources */,
			);
			runOnlyForDeploymentPostprocessing = 0;
		};
/* End PBXResourcesBuildPhase section */

/* Begin PBXSourcesBuildPhase section */
		48FA913B272D893400E7099D /* Sources */ = {
			isa = PBXSourcesBuildPhase;
			buildActionMask = 2147483647;
			files = (
				48FA9147272D893400E7099D /* ViewController.swift in Sources */,
				48E4EF532763B9E200F1950D /* MemeListController.swift in Sources */,
				486032E3272E295A00774BA7 /* KeyboardUtils.swift in Sources */,
				486032E1272E285000774BA7 /* Meme.swift in Sources */,
				48FA9143272D893400E7099D /* AppDelegate.swift in Sources */,
				48E4EF502763B94000F1950D /* MemeCollectionViewController.swift in Sources */,
				48FA9145272D893400E7099D /* SceneDelegate.swift in Sources */,
			);
			runOnlyForDeploymentPostprocessing = 0;
		};
/* End PBXSourcesBuildPhase section */

/* Begin PBXVariantGroup section */
		48FA9148272D893400E7099D /* Main.storyboard */ = {
			isa = PBXVariantGroup;
			children = (
				48FA9149272D893400E7099D /* Base */,
			);
			name = Main.storyboard;
			sourceTree = "<group>";
		};
		48FA914D272D893500E7099D /* LaunchScreen.storyboard */ = {
			isa = PBXVariantGroup;
			children = (
				48FA914E272D893500E7099D /* Base */,
			);
			name = LaunchScreen.storyboard;
			sourceTree = "<group>";
		};
/* End PBXVariantGroup section */

/* Begin XCBuildConfiguration section */
		48FA9151272D893500E7099D /* Debug */ = {
			isa = XCBuildConfiguration;
			buildSettings = {
				ALWAYS_SEARCH_USER_PATHS = NO;
				CLANG_ANALYZER_NONNULL = YES;
				CLANG_ANALYZER_NUMBER_OBJECT_CONVERSION = YES_AGGRESSIVE;
				CLANG_CXX_LANGUAGE_STANDARD = "gnu++14";
				CLANG_CXX_LIBRARY = "libc++";
				CLANG_ENABLE_MODULES = YES;
				CLANG_ENABLE_OBJC_ARC = YES;
				CLANG_ENABLE_OBJC_WEAK = YES;
				CLANG_WARN_BLOCK_CAPTURE_AUTORELEASING = YES;
				CLANG_WARN_BOOL_CONVERSION = YES;
				CLANG_WARN_COMMA = YES;
				CLANG_WARN_CONSTANT_CONVERSION = YES;
				CLANG_WARN_DEPRECATED_OBJC_IMPLEMENTATIONS = YES;
				CLANG_WARN_DIRECT_OBJC_ISA_USAGE = YES_ERROR;
				CLANG_WARN_DOCUMENTATION_COMMENTS = YES;
				CLANG_WARN_EMPTY_BODY = YES;
				CLANG_WARN_ENUM_CONVERSION = YES;
				CLANG_WARN_INFINITE_RECURSION = YES;
				CLANG_WARN_INT_CONVERSION = YES;
				CLANG_WARN_NON_LITERAL_NULL_CONVERSION = YES;
				CLANG_WARN_OBJC_IMPLICIT_RETAIN_SELF = YES;
				CLANG_WARN_OBJC_LITERAL_CONVERSION = YES;
				CLANG_WARN_OBJC_ROOT_CLASS = YES_ERROR;
				CLANG_WARN_QUOTED_INCLUDE_IN_FRAMEWORK_HEADER = YES;
				CLANG_WARN_RANGE_LOOP_ANALYSIS = YES;
				CLANG_WARN_STRICT_PROTOTYPES = YES;
				CLANG_WARN_SUSPICIOUS_MOVE = YES;
				CLANG_WARN_UNGUARDED_AVAILABILITY = YES_AGGRESSIVE;
				CLANG_WARN_UNREACHABLE_CODE = YES;
				CLANG_WARN__DUPLICATE_METHOD_MATCH = YES;
				COPY_PHASE_STRIP = NO;
				DEBUG_INFORMATION_FORMAT = dwarf;
				ENABLE_STRICT_OBJC_MSGSEND = YES;
				ENABLE_TESTABILITY = YES;
				GCC_C_LANGUAGE_STANDARD = gnu11;
				GCC_DYNAMIC_NO_PIC = NO;
				GCC_NO_COMMON_BLOCKS = YES;
				GCC_OPTIMIZATION_LEVEL = 0;
				GCC_PREPROCESSOR_DEFINITIONS = (
					"DEBUG=1",
					"$(inherited)",
				);
				GCC_WARN_64_TO_32_BIT_CONVERSION = YES;
				GCC_WARN_ABOUT_RETURN_TYPE = YES_ERROR;
				GCC_WARN_UNDECLARED_SELECTOR = YES;
				GCC_WARN_UNINITIALIZED_AUTOS = YES_AGGRESSIVE;
				GCC_WARN_UNUSED_FUNCTION = YES;
				GCC_WARN_UNUSED_VARIABLE = YES;
				IPHONEOS_DEPLOYMENT_TARGET = 14.5;
				MTL_ENABLE_DEBUG_INFO = INCLUDE_SOURCE;
				MTL_FAST_MATH = YES;
				ONLY_ACTIVE_ARCH = YES;
				SDKROOT = iphoneos;
				SWIFT_ACTIVE_COMPILATION_CONDITIONS = DEBUG;
				SWIFT_OPTIMIZATION_LEVEL = "-Onone";
			};
			name = Debug;
		};
		48FA9152272D893500E7099D /* Release */ = {
			isa = XCBuildConfiguration;
			buildSettings = {
				ALWAYS_SEARCH_USER_PATHS = NO;
				CLANG_ANALYZER_NONNULL = YES;
				CLANG_ANALYZER_NUMBER_OBJECT_CONVERSION = YES_AGGRESSIVE;
				CLANG_CXX_LANGUAGE_STANDARD = "gnu++14";
				CLANG_CXX_LIBRARY = "libc++";
				CLANG_ENABLE_MODULES = YES;
				CLANG_ENABLE_OBJC_ARC = YES;
				CLANG_ENABLE_OBJC_WEAK = YES;
				CLANG_WARN_BLOCK_CAPTURE_AUTORELEASING = YES;
				CLANG_WARN_BOOL_CONVERSION = YES;
				CLANG_WARN_COMMA = YES;
				CLANG_WARN_CONSTANT_CONVERSION = YES;
				CLANG_WARN_DEPRECATED_OBJC_IMPLEMENTATIONS = YES;
				CLANG_WARN_DIRECT_OBJC_ISA_USAGE = YES_ERROR;
				CLANG_WARN_DOCUMENTATION_COMMENTS = YES;
				CLANG_WARN_EMPTY_BODY = YES;
				CLANG_WARN_ENUM_CONVERSION = YES;
				CLANG_WARN_INFINITE_RECURSION = YES;
				CLANG_WARN_INT_CONVERSION = YES;
				CLANG_WARN_NON_LITERAL_NULL_CONVERSION = YES;
				CLANG_WARN_OBJC_IMPLICIT_RETAIN_SELF = YES;
				CLANG_WARN_OBJC_LITERAL_CONVERSION = YES;
				CLANG_WARN_OBJC_ROOT_CLASS = YES_ERROR;
				CLANG_WARN_QUOTED_INCLUDE_IN_FRAMEWORK_HEADER = YES;
				CLANG_WARN_RANGE_LOOP_ANALYSIS = YES;
				CLANG_WARN_STRICT_PROTOTYPES = YES;
				CLANG_WARN_SUSPICIOUS_MOVE = YES;
				CLANG_WARN_UNGUARDED_AVAILABILITY = YES_AGGRESSIVE;
				CLANG_WARN_UNREACHABLE_CODE = YES;
				CLANG_WARN__DUPLICATE_METHOD_MATCH = YES;
				COPY_PHASE_STRIP = NO;
				DEBUG_INFORMATION_FORMAT = "dwarf-with-dsym";
				ENABLE_NS_ASSERTIONS = NO;
				ENABLE_STRICT_OBJC_MSGSEND = YES;
				GCC_C_LANGUAGE_STANDARD = gnu11;
				GCC_NO_COMMON_BLOCKS = YES;
				GCC_WARN_64_TO_32_BIT_CONVERSION = YES;
				GCC_WARN_ABOUT_RETURN_TYPE = YES_ERROR;
				GCC_WARN_UNDECLARED_SELECTOR = YES;
				GCC_WARN_UNINITIALIZED_AUTOS = YES_AGGRESSIVE;
				GCC_WARN_UNUSED_FUNCTION = YES;
				GCC_WARN_UNUSED_VARIABLE = YES;
				IPHONEOS_DEPLOYMENT_TARGET = 14.5;
				MTL_ENABLE_DEBUG_INFO = NO;
				MTL_FAST_MATH = YES;
				SDKROOT = iphoneos;
				SWIFT_COMPILATION_MODE = wholemodule;
				SWIFT_OPTIMIZATION_LEVEL = "-O";
				VALIDATE_PRODUCT = YES;
			};
			name = Release;
		};
		48FA9154272D893500E7099D /* Debug */ = {
			isa = XCBuildConfiguration;
			buildSettings = {
				ASSETCATALOG_COMPILER_APPICON_NAME = AppIcon;
				ASSETCATALOG_COMPILER_GLOBAL_ACCENT_COLOR_NAME = AccentColor;
				CODE_SIGN_STYLE = Automatic;
				INFOPLIST_FILE = MemeMe/Info.plist;
				LD_RUNPATH_SEARCH_PATHS = (
					"$(inherited)",
					"@executable_path/Frameworks",
				);
				PRODUCT_BUNDLE_IDENTIFIER = com.skyme32.MemeMe;
				PRODUCT_NAME = "$(TARGET_NAME)";
				SWIFT_VERSION = 5.0;
				TARGETED_DEVICE_FAMILY = "1,2";
			};
			name = Debug;
		};
		48FA9155272D893500E7099D /* Release */ = {
			isa = XCBuildConfiguration;
			buildSettings = {
				ASSETCATALOG_COMPILER_APPICON_NAME = AppIcon;
				ASSETCATALOG_COMPILER_GLOBAL_ACCENT_COLOR_NAME = AccentColor;
				CODE_SIGN_STYLE = Automatic;
				INFOPLIST_FILE = MemeMe/Info.plist;
				LD_RUNPATH_SEARCH_PATHS = (
					"$(inherited)",
					"@executable_path/Frameworks",
				);
				PRODUCT_BUNDLE_IDENTIFIER = com.skyme32.MemeMe;
				PRODUCT_NAME = "$(TARGET_NAME)";
				SWIFT_VERSION = 5.0;
				TARGETED_DEVICE_FAMILY = "1,2";
			};
			name = Release;
		};
/* End XCBuildConfiguration section */

/* Begin XCConfigurationList section */
		48FA913A272D893400E7099D /* Build configuration list for PBXProject "MemeMe" */ = {
			isa = XCConfigurationList;
			buildConfigurations = (
				48FA9151272D893500E7099D /* Debug */,
				48FA9152272D893500E7099D /* Release */,
			);
			defaultConfigurationIsVisible = 0;
			defaultConfigurationName = Release;
		};
		48FA9153272D893500E7099D /* Build configuration list for PBXNativeTarget "MemeMe" */ = {
			isa = XCConfigurationList;
			buildConfigurations = (
				48FA9154272D893500E7099D /* Debug */,
				48FA9155272D893500E7099D /* Release */,
			);
			defaultConfigurationIsVisible = 0;
			defaultConfigurationName = Release;
		};
/* End XCConfigurationList section */
	};
	rootObject = 48FA9137272D893400E7099D /* Project object */;
}
